
Microsoft Visual Studio Solution File, Format Version 12.00
# Visual Studio Version 17
VisualStudioVersion = 17.5.33424.131
MinimumVisualStudioVersion = 10.0.40219.1
Project("{FAE04EC0-301F-11D3-BF4B-00C04F79EFBC}") = "Restaurant_Facade", "ATM_Facade\Restaurant_Facade.csproj", "{97EA75D0-62A0-4CA8-A6DA-B5F077FBABD0}"
EndProject
Global
	GlobalSection(SolutionConfigurationPlatforms) = preSolution
		Debug|Any CPU = Debug|Any CPU
		Release|Any CPU = Release|Any CPU
	EndGlobalSection
	GlobalSection(ProjectConfigurationPlatforms) = postSolution
		{97EA75D0-62A0-4CA8-A6DA-B5F077FBABD0}.Debug|Any CPU.ActiveCfg = Debug|Any CPU
		{97EA75D0-62A0-4CA8-A6DA-B5F077FBABD0}.Debug|Any CPU.Build.0 = Debug|Any CPU
		{97EA75D0-62A0-4CA8-A6DA-B5F077FBABD0}.Release|Any CPU.ActiveCfg = Release|Any CPU
		{97EA75D0-62A0-4CA8-A6DA-B5F077FBABD0}.Release|Any CPU.Build.0 = Release|Any CPU
	EndGlobalSection
	GlobalSection(SolutionProperties) = preSolution
		HideSolutionNode = FALSE
	EndGlobalSection
	GlobalSection(ExtensibilityGlobals) = postSolution
		SolutionGuid = {143C97B6-83FB-4508-9372-281CBF912911}
	EndGlobalSection
EndGlobal
